
Microsoft Visual Studio Solution File, Format Version 12.00
Project("{FAE04EC0-301F-11D3-BF4B-00C04F79EFBC}") = "ProjectA", "src/ProjectA.csproj", "{12ADA2D0-0C6C-42CE-81C3-B0652EF90378}"
EndProject
Global
	GlobalSection(SolutionConfigurationPlatforms) = preSolution
		Debug|Any CPU = Debug|Any CPU
		Release|Any CPU = Release|Any CPU
	EndGlobalSection
	GlobalSection(ProjectConfigurationPlatforms) = postSolution
		{12ADA2D0-0C6C-42CE-81C3-B0652EF90378}.Debug|Any CPU.ActiveCfg = Debug|Any CPU
		{12ADA2D0-0C6C-42CE-81C3-B0652EF90378}.Debug|Any CPU.Build.0 = Debug|Any CPU
		{12ADA2D0-0C6C-42CE-81C3-B0652EF90378}.Release|Any CPU.ActiveCfg = Release|Any CPU
		{12ADA2D0-0C6C-42CE-81C3-B0652EF90378}.Release|Any CPU.Build.0 = Release|Any CPU
	EndGlobalSection
EndGlobal
