
Microsoft Visual Studio Solution File, Format Version 12.00
Project("{FAE04EC0-301F-11D3-BF4B-00C04F79EFBC}") = "ProjectA", "ProjectA.csproj", "{BAFBA689-723E-4E08-A2EC-BBEC490C376A}"
EndProject
Global
	GlobalSection(SolutionConfigurationPlatforms) = preSolution
		Debug|Any CPU = Debug|Any CPU
		Release|Any CPU = Release|Any CPU
	EndGlobalSection
	GlobalSection(ProjectConfigurationPlatforms) = postSolution
		{BAFBA689-723E-4E08-A2EC-BBEC490C376A}.Debug|Any CPU.ActiveCfg = Debug|Any CPU
		{BAFBA689-723E-4E08-A2EC-BBEC490C376A}.Debug|Any CPU.Build.0 = Debug|Any CPU
		{BAFBA689-723E-4E08-A2EC-BBEC490C376A}.Release|Any CPU.ActiveCfg = Release|Any CPU
		{BAFBA689-723E-4E08-A2EC-BBEC490C376A}.Release|Any CPU.Build.0 = Release|Any CPU
	EndGlobalSection
EndGlobal
